
Microsoft Visual Studio Solution File, Format Version 12.00
# Visual Studio Version 17
VisualStudioVersion = 17.4.33205.214
MinimumVisualStudioVersion = 10.0.40219.1
Project("{9A19103F-16F7-4668-BE54-9A1E7A4F7556}") = "Factory", "ConsoleApp\Factory.csproj", "{C6E769FD-D6DB-4DF3-B7D4-E05F54FC3DA1}"
EndProject
Project("{FAE04EC0-301F-11D3-BF4B-00C04F79EFBC}") = "AbstractFactory", "AbstractFactory\AbstractFactory.csproj", "{3B4665B9-0BAD-4309-93C6-E498E27829F7}"
EndProject
Project("{FAE04EC0-301F-11D3-BF4B-00C04F79EFBC}") = "Singleton", "Singleton\Singleton.csproj", "{D6D4AA71-BBD6-47FE-BEE1-F3A5A7A71838}"
EndProject
Project("{FAE04EC0-301F-11D3-BF4B-00C04F79EFBC}") = "Prototype", "Prototype\Prototype.csproj", "{4214C3BF-8AF1-4748-90DF-93F8E2885FB1}"
EndProject
Project("{FAE04EC0-301F-11D3-BF4B-00C04F79EFBC}") = "Builder", "Builder\Builder.csproj", "{8E2A95AD-8B83-4E1C-989D-8ADEB9392634}"
EndProject
Global
	GlobalSection(SolutionConfigurationPlatforms) = preSolution
		Debug|Any CPU = Debug|Any CPU
		Release|Any CPU = Release|Any CPU
	EndGlobalSection
	GlobalSection(ProjectConfigurationPlatforms) = postSolution
		{C6E769FD-D6DB-4DF3-B7D4-E05F54FC3DA1}.Debug|Any CPU.ActiveCfg = Debug|Any CPU
		{C6E769FD-D6DB-4DF3-B7D4-E05F54FC3DA1}.Debug|Any CPU.Build.0 = Debug|Any CPU
		{C6E769FD-D6DB-4DF3-B7D4-E05F54FC3DA1}.Release|Any CPU.ActiveCfg = Release|Any CPU
		{C6E769FD-D6DB-4DF3-B7D4-E05F54FC3DA1}.Release|Any CPU.Build.0 = Release|Any CPU
		{3B4665B9-0BAD-4309-93C6-E498E27829F7}.Debug|Any CPU.ActiveCfg = Debug|Any CPU
		{3B4665B9-0BAD-4309-93C6-E498E27829F7}.Debug|Any CPU.Build.0 = Debug|Any CPU
		{3B4665B9-0BAD-4309-93C6-E498E27829F7}.Release|Any CPU.ActiveCfg = Release|Any CPU
		{3B4665B9-0BAD-4309-93C6-E498E27829F7}.Release|Any CPU.Build.0 = Release|Any CPU
		{D6D4AA71-BBD6-47FE-BEE1-F3A5A7A71838}.Debug|Any CPU.ActiveCfg = Debug|Any CPU
		{D6D4AA71-BBD6-47FE-BEE1-F3A5A7A71838}.Debug|Any CPU.Build.0 = Debug|Any CPU
		{D6D4AA71-BBD6-47FE-BEE1-F3A5A7A71838}.Release|Any CPU.ActiveCfg = Release|Any CPU
		{D6D4AA71-BBD6-47FE-BEE1-F3A5A7A71838}.Release|Any CPU.Build.0 = Release|Any CPU
		{4214C3BF-8AF1-4748-90DF-93F8E2885FB1}.Debug|Any CPU.ActiveCfg = Debug|Any CPU
		{4214C3BF-8AF1-4748-90DF-93F8E2885FB1}.Debug|Any CPU.Build.0 = Debug|Any CPU
		{4214C3BF-8AF1-4748-90DF-93F8E2885FB1}.Release|Any CPU.ActiveCfg = Release|Any CPU
		{4214C3BF-8AF1-4748-90DF-93F8E2885FB1}.Release|Any CPU.Build.0 = Release|Any CPU
		{8E2A95AD-8B83-4E1C-989D-8ADEB9392634}.Debug|Any CPU.ActiveCfg = Debug|Any CPU
		{8E2A95AD-8B83-4E1C-989D-8ADEB9392634}.Debug|Any CPU.Build.0 = Debug|Any CPU
		{8E2A95AD-8B83-4E1C-989D-8ADEB9392634}.Release|Any CPU.ActiveCfg = Release|Any CPU
		{8E2A95AD-8B83-4E1C-989D-8ADEB9392634}.Release|Any CPU.Build.0 = Release|Any CPU
	EndGlobalSection
	GlobalSection(SolutionProperties) = preSolution
		HideSolutionNode = FALSE
	EndGlobalSection
	GlobalSection(ExtensibilityGlobals) = postSolution
		SolutionGuid = {19823791-028D-44E8-BE6C-AC63B0D051F1}
	EndGlobalSection
EndGlobal
